
Microsoft Visual Studio Solution File, Format Version 12.00
# Visual Studio Version 16
VisualStudioVersion = 16.0.31702.278
MinimumVisualStudioVersion = 10.0.40219.1
Project("{FAE04EC0-301F-11D3-BF4B-00C04F79EFBC}") = "Doa Doa Harian", "Doa Doa Harian\Doa Doa Harian.csproj", "{A5CA9EE6-F74C-43B1-841F-A6DB76F85796}"
EndProject
Global
	GlobalSection(SolutionConfigurationPlatforms) = preSolution
		Debug|Any CPU = Debug|Any CPU
		Release|Any CPU = Release|Any CPU
	EndGlobalSection
	GlobalSection(ProjectConfigurationPlatforms) = postSolution
		{A5CA9EE6-F74C-43B1-841F-A6DB76F85796}.Debug|Any CPU.ActiveCfg = Debug|Any CPU
		{A5CA9EE6-F74C-43B1-841F-A6DB76F85796}.Debug|Any CPU.Build.0 = Debug|Any CPU
		{A5CA9EE6-F74C-43B1-841F-A6DB76F85796}.Release|Any CPU.ActiveCfg = Release|Any CPU
		{A5CA9EE6-F74C-43B1-841F-A6DB76F85796}.Release|Any CPU.Build.0 = Release|Any CPU
	EndGlobalSection
	GlobalSection(SolutionProperties) = preSolution
		HideSolutionNode = FALSE
	EndGlobalSection
	GlobalSection(ExtensibilityGlobals) = postSolution
		SolutionGuid = {295AD990-174E-4848-BE7C-719854229398}
	EndGlobalSection
EndGlobal
